
Microsoft Visual Studio Solution File, Format Version 12.00
# Visual Studio Version 17
VisualStudioVersion = 17.9.34728.123
MinimumVisualStudioVersion = 10.0.40219.1
Project("{9A19103F-16F7-4668-BE54-9A1E7A4F7556}") = "DataService.Web", "DataService.Web.csproj", "{AFA5AFDB-7E0F-466D-8BDC-4CDAE1345B3B}"
EndProject
Project("{9A19103F-16F7-4668-BE54-9A1E7A4F7556}") = "DataService.Infrastructure", "..\..\..\Downloads\CleanArchitecture-boilerplate-net8.0-master\CleanArchitecture-boilerplate-net8.0-master\DataService.Infrastructure\DataService.Infrastructure.csproj", "{CFC2133C-4180-42D2-A0EF-FA992640F2B2}"
EndProject
Project("{9A19103F-16F7-4668-BE54-9A1E7A4F7556}") = "DataService.Persistence", "..\..\..\Downloads\CleanArchitecture-boilerplate-net8.0-master\CleanArchitecture-boilerplate-net8.0-master\DataService.Persistence\DataService.Persistence.csproj", "{DF218A20-28AC-4B99-9530-A2BFA83597B8}"
EndProject
Project("{9A19103F-16F7-4668-BE54-9A1E7A4F7556}") = "DataService.Application", "..\..\..\Downloads\CleanArchitecture-boilerplate-net8.0-master\CleanArchitecture-boilerplate-net8.0-master\DataService.Application\DataService.Application.csproj", "{4A5A417B-DEA3-4A00-8B73-2B60870E37C3}"
EndProject
Project("{9A19103F-16F7-4668-BE54-9A1E7A4F7556}") = "DataService.Domain", "..\..\..\Downloads\CleanArchitecture-boilerplate-net8.0-master\CleanArchitecture-boilerplate-net8.0-master\DataService.Domain\DataService.Domain.csproj", "{417B6F58-D850-485F-92B5-D9E3D1142D8D}"
EndProject
Global
	GlobalSection(SolutionConfigurationPlatforms) = preSolution
		Debug|Any CPU = Debug|Any CPU
		Release|Any CPU = Release|Any CPU
	EndGlobalSection
	GlobalSection(ProjectConfigurationPlatforms) = postSolution
		{AFA5AFDB-7E0F-466D-8BDC-4CDAE1345B3B}.Debug|Any CPU.ActiveCfg = Debug|Any CPU
		{AFA5AFDB-7E0F-466D-8BDC-4CDAE1345B3B}.Debug|Any CPU.Build.0 = Debug|Any CPU
		{AFA5AFDB-7E0F-466D-8BDC-4CDAE1345B3B}.Release|Any CPU.ActiveCfg = Release|Any CPU
		{AFA5AFDB-7E0F-466D-8BDC-4CDAE1345B3B}.Release|Any CPU.Build.0 = Release|Any CPU
		{CFC2133C-4180-42D2-A0EF-FA992640F2B2}.Debug|Any CPU.ActiveCfg = Debug|Any CPU
		{CFC2133C-4180-42D2-A0EF-FA992640F2B2}.Debug|Any CPU.Build.0 = Debug|Any CPU
		{CFC2133C-4180-42D2-A0EF-FA992640F2B2}.Release|Any CPU.ActiveCfg = Release|Any CPU
		{CFC2133C-4180-42D2-A0EF-FA992640F2B2}.Release|Any CPU.Build.0 = Release|Any CPU
		{DF218A20-28AC-4B99-9530-A2BFA83597B8}.Debug|Any CPU.ActiveCfg = Debug|Any CPU
		{DF218A20-28AC-4B99-9530-A2BFA83597B8}.Debug|Any CPU.Build.0 = Debug|Any CPU
		{DF218A20-28AC-4B99-9530-A2BFA83597B8}.Release|Any CPU.ActiveCfg = Release|Any CPU
		{DF218A20-28AC-4B99-9530-A2BFA83597B8}.Release|Any CPU.Build.0 = Release|Any CPU
		{4A5A417B-DEA3-4A00-8B73-2B60870E37C3}.Debug|Any CPU.ActiveCfg = Debug|Any CPU
		{4A5A417B-DEA3-4A00-8B73-2B60870E37C3}.Debug|Any CPU.Build.0 = Debug|Any CPU
		{4A5A417B-DEA3-4A00-8B73-2B60870E37C3}.Release|Any CPU.ActiveCfg = Release|Any CPU
		{4A5A417B-DEA3-4A00-8B73-2B60870E37C3}.Release|Any CPU.Build.0 = Release|Any CPU
		{417B6F58-D850-485F-92B5-D9E3D1142D8D}.Debug|Any CPU.ActiveCfg = Debug|Any CPU
		{417B6F58-D850-485F-92B5-D9E3D1142D8D}.Debug|Any CPU.Build.0 = Debug|Any CPU
		{417B6F58-D850-485F-92B5-D9E3D1142D8D}.Release|Any CPU.ActiveCfg = Release|Any CPU
		{417B6F58-D850-485F-92B5-D9E3D1142D8D}.Release|Any CPU.Build.0 = Release|Any CPU
	EndGlobalSection
	GlobalSection(SolutionProperties) = preSolution
		HideSolutionNode = FALSE
	EndGlobalSection
	GlobalSection(ExtensibilityGlobals) = postSolution
		SolutionGuid = {EA94C78A-387D-457E-8E52-DF345D40E320}
	EndGlobalSection
EndGlobal
